
Microsoft Visual Studio Solution File, Format Version 12.00
# Visual Studio Version 16
VisualStudioVersion = 16.0.30907.101
MinimumVisualStudioVersion = 10.0.40219.1
Project("{FAE04EC0-301F-11D3-BF4B-00C04F79EFBC}") = "FavouriteLibrary.Android", "FavouriteLibrary\FavouriteLibrary.Android\FavouriteLibrary.Android.csproj", "{EC17F488-1A36-4FDB-B486-28E71B3F4AF5}"
EndProject
Project("{9A19103F-16F7-4668-BE54-9A1E7A4F7556}") = "FavouriteLibrary", "FavouriteLibrary\FavouriteLibrary\FavouriteLibrary.csproj", "{0D085396-69D3-44B1-BA4F-7276C714265A}"
EndProject
Global
	GlobalSection(SolutionConfigurationPlatforms) = preSolution
		Debug|Any CPU = Debug|Any CPU
		Release|Any CPU = Release|Any CPU
	EndGlobalSection
	GlobalSection(ProjectConfigurationPlatforms) = postSolution
		{EC17F488-1A36-4FDB-B486-28E71B3F4AF5}.Debug|Any CPU.ActiveCfg = Debug|Any CPU
		{EC17F488-1A36-4FDB-B486-28E71B3F4AF5}.Debug|Any CPU.Build.0 = Debug|Any CPU
		{EC17F488-1A36-4FDB-B486-28E71B3F4AF5}.Debug|Any CPU.Deploy.0 = Debug|Any CPU
		{EC17F488-1A36-4FDB-B486-28E71B3F4AF5}.Release|Any CPU.ActiveCfg = Release|Any CPU
		{EC17F488-1A36-4FDB-B486-28E71B3F4AF5}.Release|Any CPU.Build.0 = Release|Any CPU
		{EC17F488-1A36-4FDB-B486-28E71B3F4AF5}.Release|Any CPU.Deploy.0 = Release|Any CPU
		{0D085396-69D3-44B1-BA4F-7276C714265A}.Debug|Any CPU.ActiveCfg = Debug|Any CPU
		{0D085396-69D3-44B1-BA4F-7276C714265A}.Debug|Any CPU.Build.0 = Debug|Any CPU
		{0D085396-69D3-44B1-BA4F-7276C714265A}.Debug|Any CPU.Deploy.0 = Debug|Any CPU
		{0D085396-69D3-44B1-BA4F-7276C714265A}.Release|Any CPU.ActiveCfg = Release|Any CPU
		{0D085396-69D3-44B1-BA4F-7276C714265A}.Release|Any CPU.Build.0 = Release|Any CPU
		{0D085396-69D3-44B1-BA4F-7276C714265A}.Release|Any CPU.Deploy.0 = Release|Any CPU
	EndGlobalSection
	GlobalSection(SolutionProperties) = preSolution
		HideSolutionNode = FALSE
	EndGlobalSection
	GlobalSection(ExtensibilityGlobals) = postSolution
		SolutionGuid = {AFCEA454-8C37-410E-BCB2-1CE7AFA8B110}
	EndGlobalSection
EndGlobal
